
Microsoft Visual Studio Solution File, Format Version 12.00
# Visual Studio Version 17
VisualStudioVersion = 17.11.35312.102
MinimumVisualStudioVersion = 10.0.40219.1
Project("{FAE04EC0-301F-11D3-BF4B-00C04F79EFBC}") = "ShelterCats", "ShelterCats\ShelterCats.csproj", "{7BB57937-669A-4723-B83B-F973E61D89F1}"
EndProject
Global
	GlobalSection(SolutionConfigurationPlatforms) = preSolution
		Debug|Any CPU = Debug|Any CPU
		Release|Any CPU = Release|Any CPU
	EndGlobalSection
	GlobalSection(ProjectConfigurationPlatforms) = postSolution
		{7BB57937-669A-4723-B83B-F973E61D89F1}.Debug|Any CPU.ActiveCfg = Debug|Any CPU
		{7BB57937-669A-4723-B83B-F973E61D89F1}.Debug|Any CPU.Build.0 = Debug|Any CPU
		{7BB57937-669A-4723-B83B-F973E61D89F1}.Release|Any CPU.ActiveCfg = Release|Any CPU
		{7BB57937-669A-4723-B83B-F973E61D89F1}.Release|Any CPU.Build.0 = Release|Any CPU
	EndGlobalSection
	GlobalSection(SolutionProperties) = preSolution
		HideSolutionNode = FALSE
	EndGlobalSection
	GlobalSection(ExtensibilityGlobals) = postSolution
		SolutionGuid = {E7A37D30-2BD5-4BED-B410-AF9C4A55E01C}
	EndGlobalSection
EndGlobal
